
Microsoft Visual Studio Solution File, Format Version 12.00
# Visual Studio Version 17
VisualStudioVersion = 17.12.35323.107
MinimumVisualStudioVersion = 10.0.40219.1
Project("{FAE04EC0-301F-11D3-BF4B-00C04F79EFBC}") = "studentManage", "studentManage\studentManage.csproj", "{5A182CC3-0DFB-4E01-A43F-2A74887D3292}"
EndProject
Global
	GlobalSection(SolutionConfigurationPlatforms) = preSolution
		Debug|Any CPU = Debug|Any CPU
		Release|Any CPU = Release|Any CPU
	EndGlobalSection
	GlobalSection(ProjectConfigurationPlatforms) = postSolution
		{5A182CC3-0DFB-4E01-A43F-2A74887D3292}.Debug|Any CPU.ActiveCfg = Debug|Any CPU
		{5A182CC3-0DFB-4E01-A43F-2A74887D3292}.Debug|Any CPU.Build.0 = Debug|Any CPU
		{5A182CC3-0DFB-4E01-A43F-2A74887D3292}.Release|Any CPU.ActiveCfg = Release|Any CPU
		{5A182CC3-0DFB-4E01-A43F-2A74887D3292}.Release|Any CPU.Build.0 = Release|Any CPU
	EndGlobalSection
	GlobalSection(SolutionProperties) = preSolution
		HideSolutionNode = FALSE
	EndGlobalSection
	GlobalSection(ExtensibilityGlobals) = postSolution
		SolutionGuid = {9042667E-EFE5-4C45-ACA0-A15C3CD618AA}
	EndGlobalSection
EndGlobal
